
Microsoft Visual Studio Solution File, Format Version 12.00
# Visual Studio Version 17
VisualStudioVersion = 17.8.34330.188
MinimumVisualStudioVersion = 10.0.40219.1
Project("{FAE04EC0-301F-11D3-BF4B-00C04F79EFBC}") = "PlayWindow", "PlayWindow\PlayWindow.csproj", "{8F6C0CBB-8A5E-41FB-83CA-287591F62AD1}"
EndProject
Project("{2150E333-8FDC-42A3-9474-1A3956D46DE8}") = "Library", "Library", "{05F40599-21A9-4A12-8ECE-63E3CDBC5648}"
EndProject
Project("{FAE04EC0-301F-11D3-BF4B-00C04F79EFBC}") = "WindowControl", "WindowControl\WindowControl.csproj", "{7F5161E9-A7DE-4DD1-99C9-72E25A684DCB}"
EndProject
Project("{FAE04EC0-301F-11D3-BF4B-00C04F79EFBC}") = "Rotate", "Rotate\Rotate.csproj", "{25D90138-5819-4316-9CA8-B05038690407}"
EndProject
Project("{9A19103F-16F7-4668-BE54-9A1E7A4F7556}") = "Box2DSharp", "Box2DSharp\Box2DSharp.csproj", "{F6B67213-E9E7-43A5-9451-DEFCDB515708}"
EndProject
Project("{FAE04EC0-301F-11D3-BF4B-00C04F79EFBC}") = "Box2DEngine", "Box2DEngine\Box2DEngine.csproj", "{48E55B7E-5177-4E66-A083-2A982EA17391}"
EndProject
Project("{FAE04EC0-301F-11D3-BF4B-00C04F79EFBC}") = "GlobalEvent", "GlobalEvent\GlobalEvent.csproj", "{0BEA1FF5-42DD-467E-AF8E-C5014FF7DE30}"
EndProject
Project("{FAE04EC0-301F-11D3-BF4B-00C04F79EFBC}") = "WindowDummy", "WindowDummy\WindowDummy.csproj", "{F50B39FC-DF96-47B3-A43B-F71BB57A7768}"
EndProject
Project("{8BC9CEB8-8B4A-11D0-8D11-00A0C91BC942}") = "box2d", "box2d\box2d.vcxproj", "{05AC81AA-E933-35E0-8563-77493B91BFC7}"
EndProject
Project("{8BC9CEB8-8B4A-11D0-8D11-00A0C91BC942}") = "unit_test", "box2d\unit-test\unit_test.vcxproj", "{291A6909-5E15-32F2-8D64-831F5D0C5D4C}"
EndProject
Project("{8BC9CEB8-8B4A-11D0-8D11-00A0C91BC942}") = "Box2DWrapper", "Box2DWrapper\Box2DWrapper.vcxproj", "{F77683DE-6402-481B-B730-487E91CA3917}"
EndProject
Global
	GlobalSection(SolutionConfigurationPlatforms) = preSolution
		Debug|Any CPU = Debug|Any CPU
		Debug|x64 = Debug|x64
		Debug|x86 = Debug|x86
		MinSizeRel|Any CPU = MinSizeRel|Any CPU
		MinSizeRel|x64 = MinSizeRel|x64
		MinSizeRel|x86 = MinSizeRel|x86
		Release|Any CPU = Release|Any CPU
		Release|x64 = Release|x64
		Release|x86 = Release|x86
		RelWithDebInfo|Any CPU = RelWithDebInfo|Any CPU
		RelWithDebInfo|x64 = RelWithDebInfo|x64
		RelWithDebInfo|x86 = RelWithDebInfo|x86
	EndGlobalSection
	GlobalSection(ProjectConfigurationPlatforms) = postSolution
		{8F6C0CBB-8A5E-41FB-83CA-287591F62AD1}.Debug|Any CPU.ActiveCfg = Debug|x86
		{8F6C0CBB-8A5E-41FB-83CA-287591F62AD1}.Debug|Any CPU.Build.0 = Debug|x86
		{8F6C0CBB-8A5E-41FB-83CA-287591F62AD1}.Debug|x64.ActiveCfg = Debug|x64
		{8F6C0CBB-8A5E-41FB-83CA-287591F62AD1}.Debug|x64.Build.0 = Debug|x64
		{8F6C0CBB-8A5E-41FB-83CA-287591F62AD1}.Debug|x86.ActiveCfg = Debug|x86
		{8F6C0CBB-8A5E-41FB-83CA-287591F62AD1}.Debug|x86.Build.0 = Debug|x86
		{8F6C0CBB-8A5E-41FB-83CA-287591F62AD1}.MinSizeRel|Any CPU.ActiveCfg = Release|Any CPU
		{8F6C0CBB-8A5E-41FB-83CA-287591F62AD1}.MinSizeRel|Any CPU.Build.0 = Release|Any CPU
		{8F6C0CBB-8A5E-41FB-83CA-287591F62AD1}.MinSizeRel|x64.ActiveCfg = Release|Any CPU
		{8F6C0CBB-8A5E-41FB-83CA-287591F62AD1}.MinSizeRel|x64.Build.0 = Release|Any CPU
		{8F6C0CBB-8A5E-41FB-83CA-287591F62AD1}.MinSizeRel|x86.ActiveCfg = Release|x86
		{8F6C0CBB-8A5E-41FB-83CA-287591F62AD1}.MinSizeRel|x86.Build.0 = Release|x86
		{8F6C0CBB-8A5E-41FB-83CA-287591F62AD1}.Release|Any CPU.ActiveCfg = Release|Any CPU
		{8F6C0CBB-8A5E-41FB-83CA-287591F62AD1}.Release|Any CPU.Build.0 = Release|Any CPU
		{8F6C0CBB-8A5E-41FB-83CA-287591F62AD1}.Release|x64.ActiveCfg = Release|Any CPU
		{8F6C0CBB-8A5E-41FB-83CA-287591F62AD1}.Release|x64.Build.0 = Release|Any CPU
		{8F6C0CBB-8A5E-41FB-83CA-287591F62AD1}.Release|x86.ActiveCfg = Release|x86
		{8F6C0CBB-8A5E-41FB-83CA-287591F62AD1}.Release|x86.Build.0 = Release|x86
		{8F6C0CBB-8A5E-41FB-83CA-287591F62AD1}.RelWithDebInfo|Any CPU.ActiveCfg = Release|Any CPU
		{8F6C0CBB-8A5E-41FB-83CA-287591F62AD1}.RelWithDebInfo|Any CPU.Build.0 = Release|Any CPU
		{8F6C0CBB-8A5E-41FB-83CA-287591F62AD1}.RelWithDebInfo|x64.ActiveCfg = Release|Any CPU
		{8F6C0CBB-8A5E-41FB-83CA-287591F62AD1}.RelWithDebInfo|x64.Build.0 = Release|Any CPU
		{8F6C0CBB-8A5E-41FB-83CA-287591F62AD1}.RelWithDebInfo|x86.ActiveCfg = Release|x86
		{8F6C0CBB-8A5E-41FB-83CA-287591F62AD1}.RelWithDebInfo|x86.Build.0 = Release|x86
		{7F5161E9-A7DE-4DD1-99C9-72E25A684DCB}.Debug|Any CPU.ActiveCfg = Debug|x86
		{7F5161E9-A7DE-4DD1-99C9-72E25A684DCB}.Debug|Any CPU.Build.0 = Debug|x86
		{7F5161E9-A7DE-4DD1-99C9-72E25A684DCB}.Debug|x64.ActiveCfg = Debug|x64
		{7F5161E9-A7DE-4DD1-99C9-72E25A684DCB}.Debug|x64.Build.0 = Debug|x64
		{7F5161E9-A7DE-4DD1-99C9-72E25A684DCB}.Debug|x86.ActiveCfg = Debug|x86
		{7F5161E9-A7DE-4DD1-99C9-72E25A684DCB}.Debug|x86.Build.0 = Debug|x86
		{7F5161E9-A7DE-4DD1-99C9-72E25A684DCB}.MinSizeRel|Any CPU.ActiveCfg = Release|Any CPU
		{7F5161E9-A7DE-4DD1-99C9-72E25A684DCB}.MinSizeRel|Any CPU.Build.0 = Release|Any CPU
		{7F5161E9-A7DE-4DD1-99C9-72E25A684DCB}.MinSizeRel|x64.ActiveCfg = Release|Any CPU
		{7F5161E9-A7DE-4DD1-99C9-72E25A684DCB}.MinSizeRel|x64.Build.0 = Release|Any CPU
		{7F5161E9-A7DE-4DD1-99C9-72E25A684DCB}.MinSizeRel|x86.ActiveCfg = Release|x86
		{7F5161E9-A7DE-4DD1-99C9-72E25A684DCB}.MinSizeRel|x86.Build.0 = Release|x86
		{7F5161E9-A7DE-4DD1-99C9-72E25A684DCB}.Release|Any CPU.ActiveCfg = Release|Any CPU
		{7F5161E9-A7DE-4DD1-99C9-72E25A684DCB}.Release|Any CPU.Build.0 = Release|Any CPU
		{7F5161E9-A7DE-4DD1-99C9-72E25A684DCB}.Release|x64.ActiveCfg = Release|Any CPU
		{7F5161E9-A7DE-4DD1-99C9-72E25A684DCB}.Release|x64.Build.0 = Release|Any CPU
		{7F5161E9-A7DE-4DD1-99C9-72E25A684DCB}.Release|x86.ActiveCfg = Release|x86
		{7F5161E9-A7DE-4DD1-99C9-72E25A684DCB}.Release|x86.Build.0 = Release|x86
		{7F5161E9-A7DE-4DD1-99C9-72E25A684DCB}.RelWithDebInfo|Any CPU.ActiveCfg = Release|Any CPU
		{7F5161E9-A7DE-4DD1-99C9-72E25A684DCB}.RelWithDebInfo|Any CPU.Build.0 = Release|Any CPU
		{7F5161E9-A7DE-4DD1-99C9-72E25A684DCB}.RelWithDebInfo|x64.ActiveCfg = Release|Any CPU
		{7F5161E9-A7DE-4DD1-99C9-72E25A684DCB}.RelWithDebInfo|x64.Build.0 = Release|Any CPU
		{7F5161E9-A7DE-4DD1-99C9-72E25A684DCB}.RelWithDebInfo|x86.ActiveCfg = Release|x86
		{7F5161E9-A7DE-4DD1-99C9-72E25A684DCB}.RelWithDebInfo|x86.Build.0 = Release|x86
		{25D90138-5819-4316-9CA8-B05038690407}.Debug|Any CPU.ActiveCfg = Debug|x86
		{25D90138-5819-4316-9CA8-B05038690407}.Debug|Any CPU.Build.0 = Debug|x86
		{25D90138-5819-4316-9CA8-B05038690407}.Debug|x64.ActiveCfg = Debug|x64
		{25D90138-5819-4316-9CA8-B05038690407}.Debug|x64.Build.0 = Debug|x64
		{25D90138-5819-4316-9CA8-B05038690407}.Debug|x86.ActiveCfg = Debug|x86
		{25D90138-5819-4316-9CA8-B05038690407}.Debug|x86.Build.0 = Debug|x86
		{25D90138-5819-4316-9CA8-B05038690407}.MinSizeRel|Any CPU.ActiveCfg = Release|Any CPU
		{25D90138-5819-4316-9CA8-B05038690407}.MinSizeRel|Any CPU.Build.0 = Release|Any CPU
		{25D90138-5819-4316-9CA8-B05038690407}.MinSizeRel|x64.ActiveCfg = Release|Any CPU
		{25D90138-5819-4316-9CA8-B05038690407}.MinSizeRel|x64.Build.0 = Release|Any CPU
		{25D90138-5819-4316-9CA8-B05038690407}.MinSizeRel|x86.ActiveCfg = Release|x86
		{25D90138-5819-4316-9CA8-B05038690407}.MinSizeRel|x86.Build.0 = Release|x86
		{25D90138-5819-4316-9CA8-B05038690407}.Release|Any CPU.ActiveCfg = Release|Any CPU
		{25D90138-5819-4316-9CA8-B05038690407}.Release|Any CPU.Build.0 = Release|Any CPU
		{25D90138-5819-4316-9CA8-B05038690407}.Release|x64.ActiveCfg = Release|Any CPU
		{25D90138-5819-4316-9CA8-B05038690407}.Release|x64.Build.0 = Release|Any CPU
		{25D90138-5819-4316-9CA8-B05038690407}.Release|x86.ActiveCfg = Release|x86
		{25D90138-5819-4316-9CA8-B05038690407}.Release|x86.Build.0 = Release|x86
		{25D90138-5819-4316-9CA8-B05038690407}.RelWithDebInfo|Any CPU.ActiveCfg = Release|Any CPU
		{25D90138-5819-4316-9CA8-B05038690407}.RelWithDebInfo|Any CPU.Build.0 = Release|Any CPU
		{25D90138-5819-4316-9CA8-B05038690407}.RelWithDebInfo|x64.ActiveCfg = Release|Any CPU
		{25D90138-5819-4316-9CA8-B05038690407}.RelWithDebInfo|x64.Build.0 = Release|Any CPU
		{25D90138-5819-4316-9CA8-B05038690407}.RelWithDebInfo|x86.ActiveCfg = Release|x86
		{25D90138-5819-4316-9CA8-B05038690407}.RelWithDebInfo|x86.Build.0 = Release|x86
		{F6B67213-E9E7-43A5-9451-DEFCDB515708}.Debug|Any CPU.ActiveCfg = Debug|x86
		{F6B67213-E9E7-43A5-9451-DEFCDB515708}.Debug|Any CPU.Build.0 = Debug|x86
		{F6B67213-E9E7-43A5-9451-DEFCDB515708}.Debug|x64.ActiveCfg = Debug|x64
		{F6B67213-E9E7-43A5-9451-DEFCDB515708}.Debug|x64.Build.0 = Debug|x64
		{F6B67213-E9E7-43A5-9451-DEFCDB515708}.Debug|x86.ActiveCfg = Debug|x86
		{F6B67213-E9E7-43A5-9451-DEFCDB515708}.Debug|x86.Build.0 = Debug|x86
		{F6B67213-E9E7-43A5-9451-DEFCDB515708}.MinSizeRel|Any CPU.ActiveCfg = Release|Any CPU
		{F6B67213-E9E7-43A5-9451-DEFCDB515708}.MinSizeRel|Any CPU.Build.0 = Release|Any CPU
		{F6B67213-E9E7-43A5-9451-DEFCDB515708}.MinSizeRel|x64.ActiveCfg = Release|Any CPU
		{F6B67213-E9E7-43A5-9451-DEFCDB515708}.MinSizeRel|x64.Build.0 = Release|Any CPU
		{F6B67213-E9E7-43A5-9451-DEFCDB515708}.MinSizeRel|x86.ActiveCfg = Release|x86
		{F6B67213-E9E7-43A5-9451-DEFCDB515708}.MinSizeRel|x86.Build.0 = Release|x86
		{F6B67213-E9E7-43A5-9451-DEFCDB515708}.Release|Any CPU.ActiveCfg = Release|Any CPU
		{F6B67213-E9E7-43A5-9451-DEFCDB515708}.Release|Any CPU.Build.0 = Release|Any CPU
		{F6B67213-E9E7-43A5-9451-DEFCDB515708}.Release|x64.ActiveCfg = Release|Any CPU
		{F6B67213-E9E7-43A5-9451-DEFCDB515708}.Release|x64.Build.0 = Release|Any CPU
		{F6B67213-E9E7-43A5-9451-DEFCDB515708}.Release|x86.ActiveCfg = Release|x86
		{F6B67213-E9E7-43A5-9451-DEFCDB515708}.Release|x86.Build.0 = Release|x86
		{F6B67213-E9E7-43A5-9451-DEFCDB515708}.RelWithDebInfo|Any CPU.ActiveCfg = Release|Any CPU
		{F6B67213-E9E7-43A5-9451-DEFCDB515708}.RelWithDebInfo|Any CPU.Build.0 = Release|Any CPU
		{F6B67213-E9E7-43A5-9451-DEFCDB515708}.RelWithDebInfo|x64.ActiveCfg = Release|Any CPU
		{F6B67213-E9E7-43A5-9451-DEFCDB515708}.RelWithDebInfo|x64.Build.0 = Release|Any CPU
		{F6B67213-E9E7-43A5-9451-DEFCDB515708}.RelWithDebInfo|x86.ActiveCfg = Release|x86
		{F6B67213-E9E7-43A5-9451-DEFCDB515708}.RelWithDebInfo|x86.Build.0 = Release|x86
		{48E55B7E-5177-4E66-A083-2A982EA17391}.Debug|Any CPU.ActiveCfg = Debug|x86
		{48E55B7E-5177-4E66-A083-2A982EA17391}.Debug|Any CPU.Build.0 = Debug|x86
		{48E55B7E-5177-4E66-A083-2A982EA17391}.Debug|x64.ActiveCfg = Debug|x64
		{48E55B7E-5177-4E66-A083-2A982EA17391}.Debug|x64.Build.0 = Debug|x64
		{48E55B7E-5177-4E66-A083-2A982EA17391}.Debug|x86.ActiveCfg = Debug|x86
		{48E55B7E-5177-4E66-A083-2A982EA17391}.Debug|x86.Build.0 = Debug|x86
		{48E55B7E-5177-4E66-A083-2A982EA17391}.MinSizeRel|Any CPU.ActiveCfg = Release|Any CPU
		{48E55B7E-5177-4E66-A083-2A982EA17391}.MinSizeRel|Any CPU.Build.0 = Release|Any CPU
		{48E55B7E-5177-4E66-A083-2A982EA17391}.MinSizeRel|x64.ActiveCfg = Release|Any CPU
		{48E55B7E-5177-4E66-A083-2A982EA17391}.MinSizeRel|x64.Build.0 = Release|Any CPU
		{48E55B7E-5177-4E66-A083-2A982EA17391}.MinSizeRel|x86.ActiveCfg = Release|x86
		{48E55B7E-5177-4E66-A083-2A982EA17391}.MinSizeRel|x86.Build.0 = Release|x86
		{48E55B7E-5177-4E66-A083-2A982EA17391}.Release|Any CPU.ActiveCfg = Release|Any CPU
		{48E55B7E-5177-4E66-A083-2A982EA17391}.Release|Any CPU.Build.0 = Release|Any CPU
		{48E55B7E-5177-4E66-A083-2A982EA17391}.Release|x64.ActiveCfg = Release|Any CPU
		{48E55B7E-5177-4E66-A083-2A982EA17391}.Release|x64.Build.0 = Release|Any CPU
		{48E55B7E-5177-4E66-A083-2A982EA17391}.Release|x86.ActiveCfg = Release|x86
		{48E55B7E-5177-4E66-A083-2A982EA17391}.Release|x86.Build.0 = Release|x86
		{48E55B7E-5177-4E66-A083-2A982EA17391}.RelWithDebInfo|Any CPU.ActiveCfg = Release|Any CPU
		{48E55B7E-5177-4E66-A083-2A982EA17391}.RelWithDebInfo|Any CPU.Build.0 = Release|Any CPU
		{48E55B7E-5177-4E66-A083-2A982EA17391}.RelWithDebInfo|x64.ActiveCfg = Release|Any CPU
		{48E55B7E-5177-4E66-A083-2A982EA17391}.RelWithDebInfo|x64.Build.0 = Release|Any CPU
		{48E55B7E-5177-4E66-A083-2A982EA17391}.RelWithDebInfo|x86.ActiveCfg = Release|x86
		{48E55B7E-5177-4E66-A083-2A982EA17391}.RelWithDebInfo|x86.Build.0 = Release|x86
		{0BEA1FF5-42DD-467E-AF8E-C5014FF7DE30}.Debug|Any CPU.ActiveCfg = Debug|x86
		{0BEA1FF5-42DD-467E-AF8E-C5014FF7DE30}.Debug|Any CPU.Build.0 = Debug|x86
		{0BEA1FF5-42DD-467E-AF8E-C5014FF7DE30}.Debug|x64.ActiveCfg = Debug|x64
		{0BEA1FF5-42DD-467E-AF8E-C5014FF7DE30}.Debug|x64.Build.0 = Debug|x64
		{0BEA1FF5-42DD-467E-AF8E-C5014FF7DE30}.Debug|x86.ActiveCfg = Debug|x86
		{0BEA1FF5-42DD-467E-AF8E-C5014FF7DE30}.Debug|x86.Build.0 = Debug|x86
		{0BEA1FF5-42DD-467E-AF8E-C5014FF7DE30}.MinSizeRel|Any CPU.ActiveCfg = Release|Any CPU
		{0BEA1FF5-42DD-467E-AF8E-C5014FF7DE30}.MinSizeRel|Any CPU.Build.0 = Release|Any CPU
		{0BEA1FF5-42DD-467E-AF8E-C5014FF7DE30}.MinSizeRel|x64.ActiveCfg = Release|Any CPU
		{0BEA1FF5-42DD-467E-AF8E-C5014FF7DE30}.MinSizeRel|x64.Build.0 = Release|Any CPU
		{0BEA1FF5-42DD-467E-AF8E-C5014FF7DE30}.MinSizeRel|x86.ActiveCfg = Release|x86
		{0BEA1FF5-42DD-467E-AF8E-C5014FF7DE30}.MinSizeRel|x86.Build.0 = Release|x86
		{0BEA1FF5-42DD-467E-AF8E-C5014FF7DE30}.Release|Any CPU.ActiveCfg = Release|Any CPU
		{0BEA1FF5-42DD-467E-AF8E-C5014FF7DE30}.Release|Any CPU.Build.0 = Release|Any CPU
		{0BEA1FF5-42DD-467E-AF8E-C5014FF7DE30}.Release|x64.ActiveCfg = Release|Any CPU
		{0BEA1FF5-42DD-467E-AF8E-C5014FF7DE30}.Release|x64.Build.0 = Release|Any CPU
		{0BEA1FF5-42DD-467E-AF8E-C5014FF7DE30}.Release|x86.ActiveCfg = Release|x86
		{0BEA1FF5-42DD-467E-AF8E-C5014FF7DE30}.Release|x86.Build.0 = Release|x86
		{0BEA1FF5-42DD-467E-AF8E-C5014FF7DE30}.RelWithDebInfo|Any CPU.ActiveCfg = Release|Any CPU
		{0BEA1FF5-42DD-467E-AF8E-C5014FF7DE30}.RelWithDebInfo|Any CPU.Build.0 = Release|Any CPU
		{0BEA1FF5-42DD-467E-AF8E-C5014FF7DE30}.RelWithDebInfo|x64.ActiveCfg = Release|Any CPU
		{0BEA1FF5-42DD-467E-AF8E-C5014FF7DE30}.RelWithDebInfo|x64.Build.0 = Release|Any CPU
		{0BEA1FF5-42DD-467E-AF8E-C5014FF7DE30}.RelWithDebInfo|x86.ActiveCfg = Release|x86
		{0BEA1FF5-42DD-467E-AF8E-C5014FF7DE30}.RelWithDebInfo|x86.Build.0 = Release|x86
		{F50B39FC-DF96-47B3-A43B-F71BB57A7768}.Debug|Any CPU.ActiveCfg = Debug|x86
		{F50B39FC-DF96-47B3-A43B-F71BB57A7768}.Debug|Any CPU.Build.0 = Debug|x86
		{F50B39FC-DF96-47B3-A43B-F71BB57A7768}.Debug|x64.ActiveCfg = Debug|x64
		{F50B39FC-DF96-47B3-A43B-F71BB57A7768}.Debug|x64.Build.0 = Debug|x64
		{F50B39FC-DF96-47B3-A43B-F71BB57A7768}.Debug|x86.ActiveCfg = Debug|x86
		{F50B39FC-DF96-47B3-A43B-F71BB57A7768}.Debug|x86.Build.0 = Debug|x86
		{F50B39FC-DF96-47B3-A43B-F71BB57A7768}.MinSizeRel|Any CPU.ActiveCfg = Release|Any CPU
		{F50B39FC-DF96-47B3-A43B-F71BB57A7768}.MinSizeRel|Any CPU.Build.0 = Release|Any CPU
		{F50B39FC-DF96-47B3-A43B-F71BB57A7768}.MinSizeRel|x64.ActiveCfg = Release|Any CPU
		{F50B39FC-DF96-47B3-A43B-F71BB57A7768}.MinSizeRel|x64.Build.0 = Release|Any CPU
		{F50B39FC-DF96-47B3-A43B-F71BB57A7768}.MinSizeRel|x86.ActiveCfg = Release|x86
		{F50B39FC-DF96-47B3-A43B-F71BB57A7768}.MinSizeRel|x86.Build.0 = Release|x86
		{F50B39FC-DF96-47B3-A43B-F71BB57A7768}.Release|Any CPU.ActiveCfg = Release|Any CPU
		{F50B39FC-DF96-47B3-A43B-F71BB57A7768}.Release|Any CPU.Build.0 = Release|Any CPU
		{F50B39FC-DF96-47B3-A43B-F71BB57A7768}.Release|x64.ActiveCfg = Release|Any CPU
		{F50B39FC-DF96-47B3-A43B-F71BB57A7768}.Release|x64.Build.0 = Release|Any CPU
		{F50B39FC-DF96-47B3-A43B-F71BB57A7768}.Release|x86.ActiveCfg = Release|x86
		{F50B39FC-DF96-47B3-A43B-F71BB57A7768}.Release|x86.Build.0 = Release|x86
		{F50B39FC-DF96-47B3-A43B-F71BB57A7768}.RelWithDebInfo|Any CPU.ActiveCfg = Release|Any CPU
		{F50B39FC-DF96-47B3-A43B-F71BB57A7768}.RelWithDebInfo|Any CPU.Build.0 = Release|Any CPU
		{F50B39FC-DF96-47B3-A43B-F71BB57A7768}.RelWithDebInfo|x64.ActiveCfg = Release|Any CPU
		{F50B39FC-DF96-47B3-A43B-F71BB57A7768}.RelWithDebInfo|x64.Build.0 = Release|Any CPU
		{F50B39FC-DF96-47B3-A43B-F71BB57A7768}.RelWithDebInfo|x86.ActiveCfg = Release|x86
		{F50B39FC-DF96-47B3-A43B-F71BB57A7768}.RelWithDebInfo|x86.Build.0 = Release|x86
		{05AC81AA-E933-35E0-8563-77493B91BFC7}.Debug|Any CPU.ActiveCfg = Debug|Win32
		{05AC81AA-E933-35E0-8563-77493B91BFC7}.Debug|Any CPU.Build.0 = Debug|Win32
		{05AC81AA-E933-35E0-8563-77493B91BFC7}.Debug|x64.ActiveCfg = Debug|x64
		{05AC81AA-E933-35E0-8563-77493B91BFC7}.Debug|x64.Build.0 = Debug|x64
		{05AC81AA-E933-35E0-8563-77493B91BFC7}.Debug|x86.ActiveCfg = Debug|Win32
		{05AC81AA-E933-35E0-8563-77493B91BFC7}.Debug|x86.Build.0 = Debug|Win32
		{05AC81AA-E933-35E0-8563-77493B91BFC7}.MinSizeRel|Any CPU.ActiveCfg = MinSizeRel|x64
		{05AC81AA-E933-35E0-8563-77493B91BFC7}.MinSizeRel|Any CPU.Build.0 = MinSizeRel|x64
		{05AC81AA-E933-35E0-8563-77493B91BFC7}.MinSizeRel|x64.ActiveCfg = MinSizeRel|x64
		{05AC81AA-E933-35E0-8563-77493B91BFC7}.MinSizeRel|x64.Build.0 = MinSizeRel|x64
		{05AC81AA-E933-35E0-8563-77493B91BFC7}.MinSizeRel|x86.ActiveCfg = MinSizeRel|Win32
		{05AC81AA-E933-35E0-8563-77493B91BFC7}.MinSizeRel|x86.Build.0 = MinSizeRel|Win32
		{05AC81AA-E933-35E0-8563-77493B91BFC7}.Release|Any CPU.ActiveCfg = Release|x64
		{05AC81AA-E933-35E0-8563-77493B91BFC7}.Release|Any CPU.Build.0 = Release|x64
		{05AC81AA-E933-35E0-8563-77493B91BFC7}.Release|x64.ActiveCfg = Release|x64
		{05AC81AA-E933-35E0-8563-77493B91BFC7}.Release|x64.Build.0 = Release|x64
		{05AC81AA-E933-35E0-8563-77493B91BFC7}.Release|x86.ActiveCfg = Release|Win32
		{05AC81AA-E933-35E0-8563-77493B91BFC7}.Release|x86.Build.0 = Release|Win32
		{05AC81AA-E933-35E0-8563-77493B91BFC7}.RelWithDebInfo|Any CPU.ActiveCfg = RelWithDebInfo|x64
		{05AC81AA-E933-35E0-8563-77493B91BFC7}.RelWithDebInfo|Any CPU.Build.0 = RelWithDebInfo|x64
		{05AC81AA-E933-35E0-8563-77493B91BFC7}.RelWithDebInfo|x64.ActiveCfg = RelWithDebInfo|x64
		{05AC81AA-E933-35E0-8563-77493B91BFC7}.RelWithDebInfo|x64.Build.0 = RelWithDebInfo|x64
		{05AC81AA-E933-35E0-8563-77493B91BFC7}.RelWithDebInfo|x86.ActiveCfg = RelWithDebInfo|Win32
		{05AC81AA-E933-35E0-8563-77493B91BFC7}.RelWithDebInfo|x86.Build.0 = RelWithDebInfo|Win32
		{291A6909-5E15-32F2-8D64-831F5D0C5D4C}.Debug|Any CPU.ActiveCfg = Debug|Win32
		{291A6909-5E15-32F2-8D64-831F5D0C5D4C}.Debug|Any CPU.Build.0 = Debug|Win32
		{291A6909-5E15-32F2-8D64-831F5D0C5D4C}.Debug|x64.ActiveCfg = Debug|x64
		{291A6909-5E15-32F2-8D64-831F5D0C5D4C}.Debug|x64.Build.0 = Debug|x64
		{291A6909-5E15-32F2-8D64-831F5D0C5D4C}.Debug|x86.ActiveCfg = Debug|Win32
		{291A6909-5E15-32F2-8D64-831F5D0C5D4C}.Debug|x86.Build.0 = Debug|Win32
		{291A6909-5E15-32F2-8D64-831F5D0C5D4C}.MinSizeRel|Any CPU.ActiveCfg = MinSizeRel|x64
		{291A6909-5E15-32F2-8D64-831F5D0C5D4C}.MinSizeRel|Any CPU.Build.0 = MinSizeRel|x64
		{291A6909-5E15-32F2-8D64-831F5D0C5D4C}.MinSizeRel|x64.ActiveCfg = MinSizeRel|x64
		{291A6909-5E15-32F2-8D64-831F5D0C5D4C}.MinSizeRel|x64.Build.0 = MinSizeRel|x64
		{291A6909-5E15-32F2-8D64-831F5D0C5D4C}.MinSizeRel|x86.ActiveCfg = MinSizeRel|Win32
		{291A6909-5E15-32F2-8D64-831F5D0C5D4C}.MinSizeRel|x86.Build.0 = MinSizeRel|Win32
		{291A6909-5E15-32F2-8D64-831F5D0C5D4C}.Release|Any CPU.ActiveCfg = Release|x64
		{291A6909-5E15-32F2-8D64-831F5D0C5D4C}.Release|Any CPU.Build.0 = Release|x64
		{291A6909-5E15-32F2-8D64-831F5D0C5D4C}.Release|x64.ActiveCfg = Release|x64
		{291A6909-5E15-32F2-8D64-831F5D0C5D4C}.Release|x64.Build.0 = Release|x64
		{291A6909-5E15-32F2-8D64-831F5D0C5D4C}.Release|x86.ActiveCfg = Release|Win32
		{291A6909-5E15-32F2-8D64-831F5D0C5D4C}.Release|x86.Build.0 = Release|Win32
		{291A6909-5E15-32F2-8D64-831F5D0C5D4C}.RelWithDebInfo|Any CPU.ActiveCfg = RelWithDebInfo|x64
		{291A6909-5E15-32F2-8D64-831F5D0C5D4C}.RelWithDebInfo|Any CPU.Build.0 = RelWithDebInfo|x64
		{291A6909-5E15-32F2-8D64-831F5D0C5D4C}.RelWithDebInfo|x64.ActiveCfg = RelWithDebInfo|x64
		{291A6909-5E15-32F2-8D64-831F5D0C5D4C}.RelWithDebInfo|x64.Build.0 = RelWithDebInfo|x64
		{291A6909-5E15-32F2-8D64-831F5D0C5D4C}.RelWithDebInfo|x86.ActiveCfg = RelWithDebInfo|Win32
		{291A6909-5E15-32F2-8D64-831F5D0C5D4C}.RelWithDebInfo|x86.Build.0 = RelWithDebInfo|Win32
		{F77683DE-6402-481B-B730-487E91CA3917}.Debug|Any CPU.ActiveCfg = Debug|Win32
		{F77683DE-6402-481B-B730-487E91CA3917}.Debug|Any CPU.Build.0 = Debug|Win32
		{F77683DE-6402-481B-B730-487E91CA3917}.Debug|x64.ActiveCfg = Debug|x64
		{F77683DE-6402-481B-B730-487E91CA3917}.Debug|x64.Build.0 = Debug|x64
		{F77683DE-6402-481B-B730-487E91CA3917}.Debug|x86.ActiveCfg = Debug|Win32
		{F77683DE-6402-481B-B730-487E91CA3917}.Debug|x86.Build.0 = Debug|Win32
		{F77683DE-6402-481B-B730-487E91CA3917}.MinSizeRel|Any CPU.ActiveCfg = Debug|x64
		{F77683DE-6402-481B-B730-487E91CA3917}.MinSizeRel|Any CPU.Build.0 = Debug|x64
		{F77683DE-6402-481B-B730-487E91CA3917}.MinSizeRel|x64.ActiveCfg = Debug|x64
		{F77683DE-6402-481B-B730-487E91CA3917}.MinSizeRel|x64.Build.0 = Debug|x64
		{F77683DE-6402-481B-B730-487E91CA3917}.MinSizeRel|x86.ActiveCfg = Debug|Win32
		{F77683DE-6402-481B-B730-487E91CA3917}.MinSizeRel|x86.Build.0 = Debug|Win32
		{F77683DE-6402-481B-B730-487E91CA3917}.Release|Any CPU.ActiveCfg = Release|x64
		{F77683DE-6402-481B-B730-487E91CA3917}.Release|Any CPU.Build.0 = Release|x64
		{F77683DE-6402-481B-B730-487E91CA3917}.Release|x64.ActiveCfg = Release|x64
		{F77683DE-6402-481B-B730-487E91CA3917}.Release|x64.Build.0 = Release|x64
		{F77683DE-6402-481B-B730-487E91CA3917}.Release|x86.ActiveCfg = Release|Win32
		{F77683DE-6402-481B-B730-487E91CA3917}.Release|x86.Build.0 = Release|Win32
		{F77683DE-6402-481B-B730-487E91CA3917}.RelWithDebInfo|Any CPU.ActiveCfg = Release|x64
		{F77683DE-6402-481B-B730-487E91CA3917}.RelWithDebInfo|Any CPU.Build.0 = Release|x64
		{F77683DE-6402-481B-B730-487E91CA3917}.RelWithDebInfo|x64.ActiveCfg = Release|x64
		{F77683DE-6402-481B-B730-487E91CA3917}.RelWithDebInfo|x64.Build.0 = Release|x64
		{F77683DE-6402-481B-B730-487E91CA3917}.RelWithDebInfo|x86.ActiveCfg = Release|Win32
		{F77683DE-6402-481B-B730-487E91CA3917}.RelWithDebInfo|x86.Build.0 = Release|Win32
	EndGlobalSection
	GlobalSection(SolutionProperties) = preSolution
		HideSolutionNode = FALSE
	EndGlobalSection
	GlobalSection(NestedProjects) = preSolution
		{7F5161E9-A7DE-4DD1-99C9-72E25A684DCB} = {05F40599-21A9-4A12-8ECE-63E3CDBC5648}
		{25D90138-5819-4316-9CA8-B05038690407} = {05F40599-21A9-4A12-8ECE-63E3CDBC5648}
		{F6B67213-E9E7-43A5-9451-DEFCDB515708} = {05F40599-21A9-4A12-8ECE-63E3CDBC5648}
		{48E55B7E-5177-4E66-A083-2A982EA17391} = {05F40599-21A9-4A12-8ECE-63E3CDBC5648}
		{0BEA1FF5-42DD-467E-AF8E-C5014FF7DE30} = {05F40599-21A9-4A12-8ECE-63E3CDBC5648}
		{05AC81AA-E933-35E0-8563-77493B91BFC7} = {05F40599-21A9-4A12-8ECE-63E3CDBC5648}
		{291A6909-5E15-32F2-8D64-831F5D0C5D4C} = {05F40599-21A9-4A12-8ECE-63E3CDBC5648}
		{F77683DE-6402-481B-B730-487E91CA3917} = {05F40599-21A9-4A12-8ECE-63E3CDBC5648}
	EndGlobalSection
	GlobalSection(ExtensibilityGlobals) = postSolution
		SolutionGuid = {8E1DE1FA-120D-4A4D-BD80-E295E71BC258}
	EndGlobalSection
EndGlobal
