
Microsoft Visual Studio Solution File, Format Version 12.00
# Visual Studio Version 16
VisualStudioVersion = 16.0.33027.164
MinimumVisualStudioVersion = 10.0.40219.1
Project("{FAE04EC0-301F-11D3-BF4B-00C04F79EFBC}") = "PlayWindow", "PlayWindow\PlayWindow.csproj", "{8F6C0CBB-8A5E-41FB-83CA-287591F62AD1}"
EndProject
Project("{FAE04EC0-301F-11D3-BF4B-00C04F79EFBC}") = "WindowDummy", "WindowDummy\WindowDummy.csproj", "{EA883D19-443E-4FCD-88EB-A86E2306F11F}"
EndProject
Project("{2150E333-8FDC-42A3-9474-1A3956D46DE8}") = "Library", "Library", "{05F40599-21A9-4A12-8ECE-63E3CDBC5648}"
EndProject
Project("{FAE04EC0-301F-11D3-BF4B-00C04F79EFBC}") = "Global", "Global\Global.csproj", "{EB9437DA-5D36-408F-8E68-B3B312FED866}"
EndProject
Project("{FAE04EC0-301F-11D3-BF4B-00C04F79EFBC}") = "WindowControl", "WindowControl\WindowControl.csproj", "{7F5161E9-A7DE-4DD1-99C9-72E25A684DCB}"
EndProject
Project("{FAE04EC0-301F-11D3-BF4B-00C04F79EFBC}") = "Rotate", "Rotate\Rotate.csproj", "{25D90138-5819-4316-9CA8-B05038690407}"
EndProject
Project("{9A19103F-16F7-4668-BE54-9A1E7A4F7556}") = "Box2DSharp", "Box2DSharp\Box2DSharp.csproj", "{F6B67213-E9E7-43A5-9451-DEFCDB515708}"
EndProject
Project("{9A19103F-16F7-4668-BE54-9A1E7A4F7556}") = "Box2DEngine", "ConsoleTest\Box2DEngine.csproj", "{44AC3EFB-CEC0-4004-9F33-A0C8881A9E8E}"
EndProject
Global
	GlobalSection(SolutionConfigurationPlatforms) = preSolution
		Debug|Any CPU = Debug|Any CPU
		Release|Any CPU = Release|Any CPU
	EndGlobalSection
	GlobalSection(ProjectConfigurationPlatforms) = postSolution
		{8F6C0CBB-8A5E-41FB-83CA-287591F62AD1}.Debug|Any CPU.ActiveCfg = Debug|Any CPU
		{8F6C0CBB-8A5E-41FB-83CA-287591F62AD1}.Debug|Any CPU.Build.0 = Debug|Any CPU
		{8F6C0CBB-8A5E-41FB-83CA-287591F62AD1}.Release|Any CPU.ActiveCfg = Release|Any CPU
		{8F6C0CBB-8A5E-41FB-83CA-287591F62AD1}.Release|Any CPU.Build.0 = Release|Any CPU
		{EA883D19-443E-4FCD-88EB-A86E2306F11F}.Debug|Any CPU.ActiveCfg = Debug|Any CPU
		{EA883D19-443E-4FCD-88EB-A86E2306F11F}.Debug|Any CPU.Build.0 = Debug|Any CPU
		{EA883D19-443E-4FCD-88EB-A86E2306F11F}.Release|Any CPU.ActiveCfg = Release|Any CPU
		{EA883D19-443E-4FCD-88EB-A86E2306F11F}.Release|Any CPU.Build.0 = Release|Any CPU
		{EB9437DA-5D36-408F-8E68-B3B312FED866}.Debug|Any CPU.ActiveCfg = Debug|Any CPU
		{EB9437DA-5D36-408F-8E68-B3B312FED866}.Debug|Any CPU.Build.0 = Debug|Any CPU
		{EB9437DA-5D36-408F-8E68-B3B312FED866}.Release|Any CPU.ActiveCfg = Release|Any CPU
		{EB9437DA-5D36-408F-8E68-B3B312FED866}.Release|Any CPU.Build.0 = Release|Any CPU
		{7F5161E9-A7DE-4DD1-99C9-72E25A684DCB}.Debug|Any CPU.ActiveCfg = Debug|Any CPU
		{7F5161E9-A7DE-4DD1-99C9-72E25A684DCB}.Debug|Any CPU.Build.0 = Debug|Any CPU
		{7F5161E9-A7DE-4DD1-99C9-72E25A684DCB}.Release|Any CPU.ActiveCfg = Release|Any CPU
		{7F5161E9-A7DE-4DD1-99C9-72E25A684DCB}.Release|Any CPU.Build.0 = Release|Any CPU
		{25D90138-5819-4316-9CA8-B05038690407}.Debug|Any CPU.ActiveCfg = Debug|Any CPU
		{25D90138-5819-4316-9CA8-B05038690407}.Debug|Any CPU.Build.0 = Debug|Any CPU
		{25D90138-5819-4316-9CA8-B05038690407}.Release|Any CPU.ActiveCfg = Release|Any CPU
		{25D90138-5819-4316-9CA8-B05038690407}.Release|Any CPU.Build.0 = Release|Any CPU
		{F6B67213-E9E7-43A5-9451-DEFCDB515708}.Debug|Any CPU.ActiveCfg = Debug|Any CPU
		{F6B67213-E9E7-43A5-9451-DEFCDB515708}.Debug|Any CPU.Build.0 = Debug|Any CPU
		{F6B67213-E9E7-43A5-9451-DEFCDB515708}.Release|Any CPU.ActiveCfg = Release|Any CPU
		{F6B67213-E9E7-43A5-9451-DEFCDB515708}.Release|Any CPU.Build.0 = Release|Any CPU
		{44AC3EFB-CEC0-4004-9F33-A0C8881A9E8E}.Debug|Any CPU.ActiveCfg = Debug|Any CPU
		{44AC3EFB-CEC0-4004-9F33-A0C8881A9E8E}.Debug|Any CPU.Build.0 = Debug|Any CPU
		{44AC3EFB-CEC0-4004-9F33-A0C8881A9E8E}.Release|Any CPU.ActiveCfg = Release|Any CPU
		{44AC3EFB-CEC0-4004-9F33-A0C8881A9E8E}.Release|Any CPU.Build.0 = Release|Any CPU
	EndGlobalSection
	GlobalSection(SolutionProperties) = preSolution
		HideSolutionNode = FALSE
	EndGlobalSection
	GlobalSection(NestedProjects) = preSolution
		{EA883D19-443E-4FCD-88EB-A86E2306F11F} = {05F40599-21A9-4A12-8ECE-63E3CDBC5648}
		{7F5161E9-A7DE-4DD1-99C9-72E25A684DCB} = {05F40599-21A9-4A12-8ECE-63E3CDBC5648}
		{25D90138-5819-4316-9CA8-B05038690407} = {05F40599-21A9-4A12-8ECE-63E3CDBC5648}
		{F6B67213-E9E7-43A5-9451-DEFCDB515708} = {05F40599-21A9-4A12-8ECE-63E3CDBC5648}
		{44AC3EFB-CEC0-4004-9F33-A0C8881A9E8E} = {05F40599-21A9-4A12-8ECE-63E3CDBC5648}
	EndGlobalSection
	GlobalSection(ExtensibilityGlobals) = postSolution
		SolutionGuid = {8E1DE1FA-120D-4A4D-BD80-E295E71BC258}
	EndGlobalSection
EndGlobal
