
Microsoft Visual Studio Solution File, Format Version 12.00
# Visual Studio Version 16
VisualStudioVersion = 16.0.33027.164
MinimumVisualStudioVersion = 10.0.40219.1
Project("{FAE04EC0-301F-11D3-BF4B-00C04F79EFBC}") = "PlayWindow", "PlayWindow\PlayWindow.csproj", "{8F6C0CBB-8A5E-41FB-83CA-287591F62AD1}"
EndProject
Project("{2150E333-8FDC-42A3-9474-1A3956D46DE8}") = "Library", "Library", "{05F40599-21A9-4A12-8ECE-63E3CDBC5648}"
EndProject
Project("{FAE04EC0-301F-11D3-BF4B-00C04F79EFBC}") = "WindowControl", "WindowControl\WindowControl.csproj", "{7F5161E9-A7DE-4DD1-99C9-72E25A684DCB}"
EndProject
Project("{FAE04EC0-301F-11D3-BF4B-00C04F79EFBC}") = "Rotate", "Rotate\Rotate.csproj", "{25D90138-5819-4316-9CA8-B05038690407}"
EndProject
Project("{9A19103F-16F7-4668-BE54-9A1E7A4F7556}") = "Box2DSharp", "Box2DSharp\Box2DSharp.csproj", "{F6B67213-E9E7-43A5-9451-DEFCDB515708}"
EndProject
Project("{FAE04EC0-301F-11D3-BF4B-00C04F79EFBC}") = "Box2DEngine", "Box2DEngine\Box2DEngine.csproj", "{48E55B7E-5177-4E66-A083-2A982EA17391}"
EndProject
Project("{FAE04EC0-301F-11D3-BF4B-00C04F79EFBC}") = "GlobalEvent", "GlobalEvent\GlobalEvent.csproj", "{0BEA1FF5-42DD-467E-AF8E-C5014FF7DE30}"
EndProject
Project("{FAE04EC0-301F-11D3-BF4B-00C04F79EFBC}") = "WindowDummy", "WindowDummy\WindowDummy.csproj", "{F50B39FC-DF96-47B3-A43B-F71BB57A7768}"
EndProject
Global
	GlobalSection(SolutionConfigurationPlatforms) = preSolution
		Debug|Any CPU = Debug|Any CPU
		Release|Any CPU = Release|Any CPU
	EndGlobalSection
	GlobalSection(ProjectConfigurationPlatforms) = postSolution
		{8F6C0CBB-8A5E-41FB-83CA-287591F62AD1}.Debug|Any CPU.ActiveCfg = Debug|Any CPU
		{8F6C0CBB-8A5E-41FB-83CA-287591F62AD1}.Debug|Any CPU.Build.0 = Debug|Any CPU
		{8F6C0CBB-8A5E-41FB-83CA-287591F62AD1}.Release|Any CPU.ActiveCfg = Release|Any CPU
		{8F6C0CBB-8A5E-41FB-83CA-287591F62AD1}.Release|Any CPU.Build.0 = Release|Any CPU
		{7F5161E9-A7DE-4DD1-99C9-72E25A684DCB}.Debug|Any CPU.ActiveCfg = Debug|Any CPU
		{7F5161E9-A7DE-4DD1-99C9-72E25A684DCB}.Debug|Any CPU.Build.0 = Debug|Any CPU
		{7F5161E9-A7DE-4DD1-99C9-72E25A684DCB}.Release|Any CPU.ActiveCfg = Release|Any CPU
		{7F5161E9-A7DE-4DD1-99C9-72E25A684DCB}.Release|Any CPU.Build.0 = Release|Any CPU
		{25D90138-5819-4316-9CA8-B05038690407}.Debug|Any CPU.ActiveCfg = Debug|Any CPU
		{25D90138-5819-4316-9CA8-B05038690407}.Debug|Any CPU.Build.0 = Debug|Any CPU
		{25D90138-5819-4316-9CA8-B05038690407}.Release|Any CPU.ActiveCfg = Release|Any CPU
		{25D90138-5819-4316-9CA8-B05038690407}.Release|Any CPU.Build.0 = Release|Any CPU
		{F6B67213-E9E7-43A5-9451-DEFCDB515708}.Debug|Any CPU.ActiveCfg = Debug|Any CPU
		{F6B67213-E9E7-43A5-9451-DEFCDB515708}.Debug|Any CPU.Build.0 = Debug|Any CPU
		{F6B67213-E9E7-43A5-9451-DEFCDB515708}.Release|Any CPU.ActiveCfg = Release|Any CPU
		{F6B67213-E9E7-43A5-9451-DEFCDB515708}.Release|Any CPU.Build.0 = Release|Any CPU
		{48E55B7E-5177-4E66-A083-2A982EA17391}.Debug|Any CPU.ActiveCfg = Debug|Any CPU
		{48E55B7E-5177-4E66-A083-2A982EA17391}.Debug|Any CPU.Build.0 = Debug|Any CPU
		{48E55B7E-5177-4E66-A083-2A982EA17391}.Release|Any CPU.ActiveCfg = Release|Any CPU
		{48E55B7E-5177-4E66-A083-2A982EA17391}.Release|Any CPU.Build.0 = Release|Any CPU
		{0BEA1FF5-42DD-467E-AF8E-C5014FF7DE30}.Debug|Any CPU.ActiveCfg = Debug|Any CPU
		{0BEA1FF5-42DD-467E-AF8E-C5014FF7DE30}.Debug|Any CPU.Build.0 = Debug|Any CPU
		{0BEA1FF5-42DD-467E-AF8E-C5014FF7DE30}.Release|Any CPU.ActiveCfg = Release|Any CPU
		{0BEA1FF5-42DD-467E-AF8E-C5014FF7DE30}.Release|Any CPU.Build.0 = Release|Any CPU
		{F50B39FC-DF96-47B3-A43B-F71BB57A7768}.Debug|Any CPU.ActiveCfg = Debug|Any CPU
		{F50B39FC-DF96-47B3-A43B-F71BB57A7768}.Debug|Any CPU.Build.0 = Debug|Any CPU
		{F50B39FC-DF96-47B3-A43B-F71BB57A7768}.Release|Any CPU.ActiveCfg = Release|Any CPU
		{F50B39FC-DF96-47B3-A43B-F71BB57A7768}.Release|Any CPU.Build.0 = Release|Any CPU
	EndGlobalSection
	GlobalSection(SolutionProperties) = preSolution
		HideSolutionNode = FALSE
	EndGlobalSection
	GlobalSection(NestedProjects) = preSolution
		{7F5161E9-A7DE-4DD1-99C9-72E25A684DCB} = {05F40599-21A9-4A12-8ECE-63E3CDBC5648}
		{25D90138-5819-4316-9CA8-B05038690407} = {05F40599-21A9-4A12-8ECE-63E3CDBC5648}
		{F6B67213-E9E7-43A5-9451-DEFCDB515708} = {05F40599-21A9-4A12-8ECE-63E3CDBC5648}
		{48E55B7E-5177-4E66-A083-2A982EA17391} = {05F40599-21A9-4A12-8ECE-63E3CDBC5648}
		{0BEA1FF5-42DD-467E-AF8E-C5014FF7DE30} = {05F40599-21A9-4A12-8ECE-63E3CDBC5648}
	EndGlobalSection
	GlobalSection(ExtensibilityGlobals) = postSolution
		SolutionGuid = {8E1DE1FA-120D-4A4D-BD80-E295E71BC258}
	EndGlobalSection
EndGlobal
